
Microsoft Visual Studio Solution File, Format Version 12.00
# Visual Studio Version 16
VisualStudioVersion = 16.0.30907.101
MinimumVisualStudioVersion = 10.0.40219.1
Project("{9A19103F-16F7-4668-BE54-9A1E7A4F7556}") = "Instrumenting", "Instrumenting.csproj", "{4877746B-0CA6-4724-A34F-DF2105438694}"
EndProject
Global
	GlobalSection(SolutionConfigurationPlatforms) = preSolution
		Debug|Any CPU = Debug|Any CPU
		Release|Any CPU = Release|Any CPU
	EndGlobalSection
	GlobalSection(ProjectConfigurationPlatforms) = postSolution
		{4877746B-0CA6-4724-A34F-DF2105438694}.Debug|Any CPU.ActiveCfg = Debug|Any CPU
		{4877746B-0CA6-4724-A34F-DF2105438694}.Debug|Any CPU.Build.0 = Debug|Any CPU
		{4877746B-0CA6-4724-A34F-DF2105438694}.Release|Any CPU.ActiveCfg = Release|Any CPU
		{4877746B-0CA6-4724-A34F-DF2105438694}.Release|Any CPU.Build.0 = Release|Any CPU
	EndGlobalSection
	GlobalSection(SolutionProperties) = preSolution
		HideSolutionNode = FALSE
	EndGlobalSection
	GlobalSection(ExtensibilityGlobals) = postSolution
		SolutionGuid = {9408119B-0B5F-4F39-A38B-128E0CA20FBE}
	EndGlobalSection
EndGlobal
