
Microsoft Visual Studio Solution File, Format Version 12.00
# Visual Studio Version 16
VisualStudioVersion = 16.0.30907.101
MinimumVisualStudioVersion = 10.0.40219.1
Project("{9A19103F-16F7-4668-BE54-9A1E7A4F7556}") = "HelloCS", "HelloCS.csproj", "{EC1244E6-DD9A-4C80-97F1-28FBABE73199}"
EndProject
Global
	GlobalSection(SolutionConfigurationPlatforms) = preSolution
		Debug|Any CPU = Debug|Any CPU
		Debug|x64 = Debug|x64
		Release|Any CPU = Release|Any CPU
		Release|x64 = Release|x64
	EndGlobalSection
	GlobalSection(ProjectConfigurationPlatforms) = postSolution
		{EC1244E6-DD9A-4C80-97F1-28FBABE73199}.Debug|Any CPU.ActiveCfg = Debug|Any CPU
		{EC1244E6-DD9A-4C80-97F1-28FBABE73199}.Debug|Any CPU.Build.0 = Debug|Any CPU
		{EC1244E6-DD9A-4C80-97F1-28FBABE73199}.Debug|x64.ActiveCfg = Debug|x64
		{EC1244E6-DD9A-4C80-97F1-28FBABE73199}.Debug|x64.Build.0 = Debug|x64
		{EC1244E6-DD9A-4C80-97F1-28FBABE73199}.Release|Any CPU.ActiveCfg = Release|Any CPU
		{EC1244E6-DD9A-4C80-97F1-28FBABE73199}.Release|Any CPU.Build.0 = Release|Any CPU
		{EC1244E6-DD9A-4C80-97F1-28FBABE73199}.Release|x64.ActiveCfg = Release|x64
		{EC1244E6-DD9A-4C80-97F1-28FBABE73199}.Release|x64.Build.0 = Release|x64
	EndGlobalSection
	GlobalSection(SolutionProperties) = preSolution
		HideSolutionNode = FALSE
	EndGlobalSection
	GlobalSection(ExtensibilityGlobals) = postSolution
		SolutionGuid = {0D36D53A-9722-45D3-B885-5AEE1DD0DE0C}
	EndGlobalSection
EndGlobal
